
Microsoft Visual Studio Solution File, Format Version 12.00
# Visual Studio Version 17
VisualStudioVersion = 17.9.34607.119
MinimumVisualStudioVersion = 10.0.40219.1
Project("{FAE04EC0-301F-11D3-BF4B-00C04F79EFBC}") = "FunctionApp2", "FunctionApp2\FunctionApp2.csproj", "{D6FEADC3-5A73-4000-AD3F-0C290B0C5B15}"
EndProject
Global
	GlobalSection(SolutionConfigurationPlatforms) = preSolution
		Debug|Any CPU = Debug|Any CPU
		Release|Any CPU = Release|Any CPU
	EndGlobalSection
	GlobalSection(ProjectConfigurationPlatforms) = postSolution
		{D6FEADC3-5A73-4000-AD3F-0C290B0C5B15}.Debug|Any CPU.ActiveCfg = Debug|Any CPU
		{D6FEADC3-5A73-4000-AD3F-0C290B0C5B15}.Debug|Any CPU.Build.0 = Debug|Any CPU
		{D6FEADC3-5A73-4000-AD3F-0C290B0C5B15}.Release|Any CPU.ActiveCfg = Release|Any CPU
		{D6FEADC3-5A73-4000-AD3F-0C290B0C5B15}.Release|Any CPU.Build.0 = Release|Any CPU
	EndGlobalSection
	GlobalSection(SolutionProperties) = preSolution
		HideSolutionNode = FALSE
	EndGlobalSection
	GlobalSection(ExtensibilityGlobals) = postSolution
		SolutionGuid = {DF5D0D3E-AD59-4650-81CC-7462BE233349}
	EndGlobalSection
EndGlobal
